// !$*UTF8*$!
{
	archiveVersion = 1;
	classes = {
	};
	objectVersion = 56;
	objects = {

/* Begin PBXBuildFile section */
		C7048013293BD3FA0080E4D7 /* BreakingRealBadApp.swift in Sources */ = {isa = PBXBuildFile; fileRef = C7048012293BD3FA0080E4D7 /* BreakingRealBadApp.swift */; };
		C7048015293BD3FA0080E4D7 /* Persistence.swift in Sources */ = {isa = PBXBuildFile; fileRef = C7048014293BD3FA0080E4D7 /* Persistence.swift */; };
		C7048018293BD3FB0080E4D7 /* BreakingRealBad.xcdatamodeld in Sources */ = {isa = PBXBuildFile; fileRef = C7048016293BD3FB0080E4D7 /* BreakingRealBad.xcdatamodeld */; };
		C704801C293BD3FD0080E4D7 /* Assets.xcassets in Resources */ = {isa = PBXBuildFile; fileRef = C704801B293BD3FD0080E4D7 /* Assets.xcassets */; };
		C7048029293BD4CE0080E4D7 /* Character.swift in Sources */ = {isa = PBXBuildFile; fileRef = C7048028293BD4CE0080E4D7 /* Character.swift */; };
		C704802B293BD7A50080E4D7 /* CharacterQuote.swift in Sources */ = {isa = PBXBuildFile; fileRef = C704802A293BD7A50080E4D7 /* CharacterQuote.swift */; };
		C7048030293BD96E0080E4D7 /* CharacterRepository.swift in Sources */ = {isa = PBXBuildFile; fileRef = C704802F293BD96E0080E4D7 /* CharacterRepository.swift */; };
		C70F2F11293D105F0098425E /* Domain+Fixtures.swift in Sources */ = {isa = PBXBuildFile; fileRef = C70F2F10293D105F0098425E /* Domain+Fixtures.swift */; };
		C70F2F14293D17ED0098425E /* APIClientMock.swift in Sources */ = {isa = PBXBuildFile; fileRef = C70F2F12293D17E70098425E /* APIClientMock.swift */; };
		C762DE6A293E1991003B528D /* QUESTIONS.md in Resources */ = {isa = PBXBuildFile; fileRef = C762DE69293E1991003B528D /* QUESTIONS.md */; };
		C7DE8B2E293CC7BE00856B1E /* CharacterDetails.View.swift in Sources */ = {isa = PBXBuildFile; fileRef = C7DE8B2D293CC7BE00856B1E /* CharacterDetails.View.swift */; };
		C7DE8B30293CC7DE00856B1E /* CharacterDetails.swift in Sources */ = {isa = PBXBuildFile; fileRef = C7DE8B2F293CC7DE00856B1E /* CharacterDetails.swift */; };
		C7DE8B32293CF15600856B1E /* Domain+Ext.swift in Sources */ = {isa = PBXBuildFile; fileRef = C7DE8B31293CF15600856B1E /* Domain+Ext.swift */; };
		C7DE8B37293D00D900856B1E /* Characters.Tests.swift in Sources */ = {isa = PBXBuildFile; fileRef = C7DE8B35293D00BF00856B1E /* Characters.Tests.swift */; };
		C7DE8B39293D00F200856B1E /* CharacterDetails.Tests.swift in Sources */ = {isa = PBXBuildFile; fileRef = C7DE8B38293D00F200856B1E /* CharacterDetails.Tests.swift */; };
		C7DE8B3D293D02EE00856B1E /* CharacterRepositoryMock.swift in Sources */ = {isa = PBXBuildFile; fileRef = C7DE8B3B293D02D600856B1E /* CharacterRepositoryMock.swift */; };
		C7F2DF92293BE749007662A0 /* FetchCharactersRequest.swift in Sources */ = {isa = PBXBuildFile; fileRef = C7F2DF91293BE749007662A0 /* FetchCharactersRequest.swift */; };
		C7F2DFA3293BE7CA007662A0 /* FetchCharactersRequestTests.swift in Sources */ = {isa = PBXBuildFile; fileRef = C7F2DF94293BE768007662A0 /* FetchCharactersRequestTests.swift */; };
		C7F2DFA5293BE806007662A0 /* FetchCharacterQuotesRequest.swift in Sources */ = {isa = PBXBuildFile; fileRef = C7F2DFA4293BE806007662A0 /* FetchCharacterQuotesRequest.swift */; };
		C7F2DFAB293BE879007662A0 /* FetchCharacterQuotesRequestTests.swift in Sources */ = {isa = PBXBuildFile; fileRef = C7F2DFAA293BE879007662A0 /* FetchCharacterQuotesRequestTests.swift */; };
		C7F2DFAE293BE970007662A0 /* HTTPRequest.swift in Sources */ = {isa = PBXBuildFile; fileRef = C7F2DFAD293BE970007662A0 /* HTTPRequest.swift */; };
		C7F2DFB0293BEBD7007662A0 /* HTTPSession.swift in Sources */ = {isa = PBXBuildFile; fileRef = C7F2DFAF293BEBD7007662A0 /* HTTPSession.swift */; };
		C7F2DFB2293BED0C007662A0 /* APIClient.swift in Sources */ = {isa = PBXBuildFile; fileRef = C7F2DFB1293BED0C007662A0 /* APIClient.swift */; };
		C7F2DFB4293BF421007662A0 /* APIError.swift in Sources */ = {isa = PBXBuildFile; fileRef = C7F2DFB3293BF421007662A0 /* APIError.swift */; };
		C7F2DFB6293BF595007662A0 /* CharacterDTO.swift in Sources */ = {isa = PBXBuildFile; fileRef = C7F2DFB5293BF595007662A0 /* CharacterDTO.swift */; };
		C7F2DFB8293BF796007662A0 /* CharacterQuoteDTO.swift in Sources */ = {isa = PBXBuildFile; fileRef = C7F2DFB7293BF796007662A0 /* CharacterQuoteDTO.swift */; };
		C7F2DFBB293BF981007662A0 /* DummyProviding.swift in Sources */ = {isa = PBXBuildFile; fileRef = C7F2DFBA293BF981007662A0 /* DummyProviding.swift */; };
		C7F2DFBC293BFAA9007662A0 /* FetchCharacterQuotesRequest.json in Resources */ = {isa = PBXBuildFile; fileRef = C7F2DFA6293BE83F007662A0 /* FetchCharacterQuotesRequest.json */; };
		C7F2DFBD293BFAAB007662A0 /* FetchCharactersRequest.json in Resources */ = {isa = PBXBuildFile; fileRef = C7F2DFA8293BE85F007662A0 /* FetchCharactersRequest.json */; };
		C7F2DFC0293BFCD4007662A0 /* HTTPSessionMock.swift in Sources */ = {isa = PBXBuildFile; fileRef = C7F2DFBF293BFCD4007662A0 /* HTTPSessionMock.swift */; };
		C7F2DFC3293BFEC5007662A0 /* SinkToResult.swift in Sources */ = {isa = PBXBuildFile; fileRef = C7F2DFC2293BFEC5007662A0 /* SinkToResult.swift */; };
		C7F2DFC5293C07EB007662A0 /* Localisation.swift in Sources */ = {isa = PBXBuildFile; fileRef = C7F2DFC4293C07EB007662A0 /* Localisation.swift */; };
		C7F2DFC7293C080B007662A0 /* Localizable.strings in Resources */ = {isa = PBXBuildFile; fileRef = C7F2DFC6293C080B007662A0 /* Localizable.strings */; };
		C7F2DFCA293C0E50007662A0 /* ComposableArchitecture in Frameworks */ = {isa = PBXBuildFile; productRef = C7F2DFC9293C0E50007662A0 /* ComposableArchitecture */; };
		C7F2DFCC293C0FB5007662A0 /* Characters.swift in Sources */ = {isa = PBXBuildFile; fileRef = C7F2DFCB293C0FB5007662A0 /* Characters.swift */; };
		C7F2DFCE293C1045007662A0 /* Loading.swift in Sources */ = {isa = PBXBuildFile; fileRef = C7F2DFCD293C1045007662A0 /* Loading.swift */; };
		C7F2DFD0293C1064007662A0 /* AnyError.swift in Sources */ = {isa = PBXBuildFile; fileRef = C7F2DFCF293C1064007662A0 /* AnyError.swift */; };
		C7F2DFD2293C1687007662A0 /* Characters.View.swift in Sources */ = {isa = PBXBuildFile; fileRef = C7F2DFD1293C1687007662A0 /* Characters.View.swift */; };
		C7F2DFD7293C1F6B007662A0 /* Unwrap.swift in Sources */ = {isa = PBXBuildFile; fileRef = C7F2DFD6293C1F6B007662A0 /* Unwrap.swift */; };
		C7F2DFDB293C22D8007662A0 /* CharacterRepositoryTests.swift in Sources */ = {isa = PBXBuildFile; fileRef = C7F2DFD9293C22D3007662A0 /* CharacterRepositoryTests.swift */; };
		C7F2F26F293CA75700556D71 /* CardView.swift in Sources */ = {isa = PBXBuildFile; fileRef = C7F2F26E293CA75700556D71 /* CardView.swift */; };
		C7F2F271293CACEF00556D71 /* AvatarView.swift in Sources */ = {isa = PBXBuildFile; fileRef = C7F2F270293CACEF00556D71 /* AvatarView.swift */; };
		C7F656FE293BDF9800147E5B /* Preview Assets.xcassets in Resources */ = {isa = PBXBuildFile; fileRef = C7F656FD293BDF9800147E5B /* Preview Assets.xcassets */; };
/* End PBXBuildFile section */

/* Begin PBXContainerItemProxy section */
		C7F2DF9E293BE785007662A0 /* PBXContainerItemProxy */ = {
			isa = PBXContainerItemProxy;
			containerPortal = C7048007293BD3FA0080E4D7 /* Project object */;
			proxyType = 1;
			remoteGlobalIDString = C704800E293BD3FA0080E4D7;
			remoteInfo = BreakingRealBad;
		};
/* End PBXContainerItemProxy section */

/* Begin PBXFileReference section */
		C704800F293BD3FA0080E4D7 /* BreakingRealBad.app */ = {isa = PBXFileReference; explicitFileType = wrapper.application; includeInIndex = 0; path = BreakingRealBad.app; sourceTree = BUILT_PRODUCTS_DIR; };
		C7048012293BD3FA0080E4D7 /* BreakingRealBadApp.swift */ = {isa = PBXFileReference; lastKnownFileType = sourcecode.swift; path = BreakingRealBadApp.swift; sourceTree = "<group>"; };
		C7048014293BD3FA0080E4D7 /* Persistence.swift */ = {isa = PBXFileReference; lastKnownFileType = sourcecode.swift; path = Persistence.swift; sourceTree = "<group>"; };
		C7048017293BD3FB0080E4D7 /* BreakingRealBad.xcdatamodel */ = {isa = PBXFileReference; lastKnownFileType = wrapper.xcdatamodel; path = BreakingRealBad.xcdatamodel; sourceTree = "<group>"; };
		C704801B293BD3FD0080E4D7 /* Assets.xcassets */ = {isa = PBXFileReference; lastKnownFileType = folder.assetcatalog; path = Assets.xcassets; sourceTree = "<group>"; };
		C704801D293BD3FD0080E4D7 /* BreakingRealBad.entitlements */ = {isa = PBXFileReference; lastKnownFileType = text.plist.entitlements; path = BreakingRealBad.entitlements; sourceTree = "<group>"; };
		C7048028293BD4CE0080E4D7 /* Character.swift */ = {isa = PBXFileReference; lastKnownFileType = sourcecode.swift; path = Character.swift; sourceTree = "<group>"; };
		C704802A293BD7A50080E4D7 /* CharacterQuote.swift */ = {isa = PBXFileReference; lastKnownFileType = sourcecode.swift; path = CharacterQuote.swift; sourceTree = "<group>"; };
		C704802F293BD96E0080E4D7 /* CharacterRepository.swift */ = {isa = PBXFileReference; lastKnownFileType = sourcecode.swift; path = CharacterRepository.swift; sourceTree = "<group>"; };
		C70F2F10293D105F0098425E /* Domain+Fixtures.swift */ = {isa = PBXFileReference; lastKnownFileType = sourcecode.swift; path = "Domain+Fixtures.swift"; sourceTree = "<group>"; };
		C70F2F12293D17E70098425E /* APIClientMock.swift */ = {isa = PBXFileReference; lastKnownFileType = sourcecode.swift; path = APIClientMock.swift; sourceTree = "<group>"; };
		C762DE69293E1991003B528D /* QUESTIONS.md */ = {isa = PBXFileReference; fileEncoding = 4; lastKnownFileType = net.daringfireball.markdown; path = QUESTIONS.md; sourceTree = "<group>"; };
		C7DE8B2D293CC7BE00856B1E /* CharacterDetails.View.swift */ = {isa = PBXFileReference; lastKnownFileType = sourcecode.swift; path = CharacterDetails.View.swift; sourceTree = "<group>"; };
		C7DE8B2F293CC7DE00856B1E /* CharacterDetails.swift */ = {isa = PBXFileReference; lastKnownFileType = sourcecode.swift; path = CharacterDetails.swift; sourceTree = "<group>"; };
		C7DE8B31293CF15600856B1E /* Domain+Ext.swift */ = {isa = PBXFileReference; lastKnownFileType = sourcecode.swift; path = "Domain+Ext.swift"; sourceTree = "<group>"; };
		C7DE8B35293D00BF00856B1E /* Characters.Tests.swift */ = {isa = PBXFileReference; lastKnownFileType = sourcecode.swift; path = Characters.Tests.swift; sourceTree = "<group>"; };
		C7DE8B38293D00F200856B1E /* CharacterDetails.Tests.swift */ = {isa = PBXFileReference; lastKnownFileType = sourcecode.swift; path = CharacterDetails.Tests.swift; sourceTree = "<group>"; };
		C7DE8B3B293D02D600856B1E /* CharacterRepositoryMock.swift */ = {isa = PBXFileReference; lastKnownFileType = sourcecode.swift; path = CharacterRepositoryMock.swift; sourceTree = "<group>"; };
		C7F2DF91293BE749007662A0 /* FetchCharactersRequest.swift */ = {isa = PBXFileReference; lastKnownFileType = sourcecode.swift; path = FetchCharactersRequest.swift; sourceTree = "<group>"; };
		C7F2DF94293BE768007662A0 /* FetchCharactersRequestTests.swift */ = {isa = PBXFileReference; lastKnownFileType = sourcecode.swift; path = FetchCharactersRequestTests.swift; sourceTree = "<group>"; };
		C7F2DF9A293BE785007662A0 /* BreakingRealBadTests.xctest */ = {isa = PBXFileReference; explicitFileType = wrapper.cfbundle; includeInIndex = 0; path = BreakingRealBadTests.xctest; sourceTree = BUILT_PRODUCTS_DIR; };
		C7F2DFA4293BE806007662A0 /* FetchCharacterQuotesRequest.swift */ = {isa = PBXFileReference; lastKnownFileType = sourcecode.swift; path = FetchCharacterQuotesRequest.swift; sourceTree = "<group>"; };
		C7F2DFA6293BE83F007662A0 /* FetchCharacterQuotesRequest.json */ = {isa = PBXFileReference; fileEncoding = 4; lastKnownFileType = text.json; path = FetchCharacterQuotesRequest.json; sourceTree = "<group>"; };
		C7F2DFA8293BE85F007662A0 /* FetchCharactersRequest.json */ = {isa = PBXFileReference; fileEncoding = 4; lastKnownFileType = text.json; path = FetchCharactersRequest.json; sourceTree = "<group>"; };
		C7F2DFAA293BE879007662A0 /* FetchCharacterQuotesRequestTests.swift */ = {isa = PBXFileReference; lastKnownFileType = sourcecode.swift; path = FetchCharacterQuotesRequestTests.swift; sourceTree = "<group>"; };
		C7F2DFAD293BE970007662A0 /* HTTPRequest.swift */ = {isa = PBXFileReference; lastKnownFileType = sourcecode.swift; path = HTTPRequest.swift; sourceTree = "<group>"; };
		C7F2DFAF293BEBD7007662A0 /* HTTPSession.swift */ = {isa = PBXFileReference; lastKnownFileType = sourcecode.swift; path = HTTPSession.swift; sourceTree = "<group>"; };
		C7F2DFB1293BED0C007662A0 /* APIClient.swift */ = {isa = PBXFileReference; lastKnownFileType = sourcecode.swift; path = APIClient.swift; sourceTree = "<group>"; };
		C7F2DFB3293BF421007662A0 /* APIError.swift */ = {isa = PBXFileReference; lastKnownFileType = sourcecode.swift; path = APIError.swift; sourceTree = "<group>"; };
		C7F2DFB5293BF595007662A0 /* CharacterDTO.swift */ = {isa = PBXFileReference; lastKnownFileType = sourcecode.swift; path = CharacterDTO.swift; sourceTree = "<group>"; };
		C7F2DFB7293BF796007662A0 /* CharacterQuoteDTO.swift */ = {isa = PBXFileReference; lastKnownFileType = sourcecode.swift; path = CharacterQuoteDTO.swift; sourceTree = "<group>"; };
		C7F2DFBA293BF981007662A0 /* DummyProviding.swift */ = {isa = PBXFileReference; lastKnownFileType = sourcecode.swift; path = DummyProviding.swift; sourceTree = "<group>"; };
		C7F2DFBF293BFCD4007662A0 /* HTTPSessionMock.swift */ = {isa = PBXFileReference; lastKnownFileType = sourcecode.swift; path = HTTPSessionMock.swift; sourceTree = "<group>"; };
		C7F2DFC2293BFEC5007662A0 /* SinkToResult.swift */ = {isa = PBXFileReference; lastKnownFileType = sourcecode.swift; path = SinkToResult.swift; sourceTree = "<group>"; };
		C7F2DFC4293C07EB007662A0 /* Localisation.swift */ = {isa = PBXFileReference; lastKnownFileType = sourcecode.swift; path = Localisation.swift; sourceTree = "<group>"; };
		C7F2DFC6293C080B007662A0 /* Localizable.strings */ = {isa = PBXFileReference; lastKnownFileType = text.plist.strings; path = Localizable.strings; sourceTree = "<group>"; };
		C7F2DFCB293C0FB5007662A0 /* Characters.swift */ = {isa = PBXFileReference; lastKnownFileType = sourcecode.swift; path = Characters.swift; sourceTree = "<group>"; };
		C7F2DFCD293C1045007662A0 /* Loading.swift */ = {isa = PBXFileReference; lastKnownFileType = sourcecode.swift; path = Loading.swift; sourceTree = "<group>"; };
		C7F2DFCF293C1064007662A0 /* AnyError.swift */ = {isa = PBXFileReference; lastKnownFileType = sourcecode.swift; path = AnyError.swift; sourceTree = "<group>"; };
		C7F2DFD1293C1687007662A0 /* Characters.View.swift */ = {isa = PBXFileReference; lastKnownFileType = sourcecode.swift; path = Characters.View.swift; sourceTree = "<group>"; };
		C7F2DFD3293C1C43007662A0 /* Info.plist */ = {isa = PBXFileReference; lastKnownFileType = text.plist.xml; path = Info.plist; sourceTree = "<group>"; };
		C7F2DFD6293C1F6B007662A0 /* Unwrap.swift */ = {isa = PBXFileReference; lastKnownFileType = sourcecode.swift; path = Unwrap.swift; sourceTree = "<group>"; };
		C7F2DFD9293C22D3007662A0 /* CharacterRepositoryTests.swift */ = {isa = PBXFileReference; lastKnownFileType = sourcecode.swift; path = CharacterRepositoryTests.swift; sourceTree = "<group>"; };
		C7F2F26E293CA75700556D71 /* CardView.swift */ = {isa = PBXFileReference; lastKnownFileType = sourcecode.swift; path = CardView.swift; sourceTree = "<group>"; };
		C7F2F270293CACEF00556D71 /* AvatarView.swift */ = {isa = PBXFileReference; lastKnownFileType = sourcecode.swift; path = AvatarView.swift; sourceTree = "<group>"; };
		C7F656FD293BDF9800147E5B /* Preview Assets.xcassets */ = {isa = PBXFileReference; lastKnownFileType = folder.assetcatalog; path = "Preview Assets.xcassets"; sourceTree = "<group>"; };
/* End PBXFileReference section */

/* Begin PBXFrameworksBuildPhase section */
		C704800C293BD3FA0080E4D7 /* Frameworks */ = {
			isa = PBXFrameworksBuildPhase;
			buildActionMask = 2147483647;
			files = (
				C7F2DFCA293C0E50007662A0 /* ComposableArchitecture in Frameworks */,
			);
			runOnlyForDeploymentPostprocessing = 0;
		};
		C7F2DF97293BE785007662A0 /* Frameworks */ = {
			isa = PBXFrameworksBuildPhase;
			buildActionMask = 2147483647;
			files = (
			);
			runOnlyForDeploymentPostprocessing = 0;
		};
/* End PBXFrameworksBuildPhase section */

/* Begin PBXGroup section */
		C7048006293BD3FA0080E4D7 = {
			isa = PBXGroup;
			children = (
				C762DE69293E1991003B528D /* QUESTIONS.md */,
				C7048011293BD3FA0080E4D7 /* BreakingRealBad */,
				C7048010293BD3FA0080E4D7 /* Products */,
			);
			sourceTree = "<group>";
		};
		C7048010293BD3FA0080E4D7 /* Products */ = {
			isa = PBXGroup;
			children = (
				C704800F293BD3FA0080E4D7 /* BreakingRealBad.app */,
				C7F2DF9A293BE785007662A0 /* BreakingRealBadTests.xctest */,
			);
			name = Products;
			sourceTree = "<group>";
		};
		C7048011293BD3FA0080E4D7 /* BreakingRealBad */ = {
			isa = PBXGroup;
			children = (
				C704802C293BD8E60080E4D7 /* Application */,
				C7048026293BD4940080E4D7 /* APIClient */,
				C7048027293BD4A30080E4D7 /* Domain */,
				C704802E293BD9530080E4D7 /* Data */,
				C7048031293BDE6A0080E4D7 /* Presentation */,
			);
			path = BreakingRealBad;
			sourceTree = "<group>";
		};
		C7048026293BD4940080E4D7 /* APIClient */ = {
			isa = PBXGroup;
			children = (
				C7F2DF8F293BE6F6007662A0 /* Tests */,
				C7F2DFAC293BE957007662A0 /* Utilities */,
				C7F2DF8D293BE6DF007662A0 /* Models */,
				C7F2DF8E293BE6E9007662A0 /* Requests */,
			);
			path = APIClient;
			sourceTree = "<group>";
		};
		C7048027293BD4A30080E4D7 /* Domain */ = {
			isa = PBXGroup;
			children = (
				C7048028293BD4CE0080E4D7 /* Character.swift */,
				C704802A293BD7A50080E4D7 /* CharacterQuote.swift */,
				C7DE8B31293CF15600856B1E /* Domain+Ext.swift */,
				C70F2F10293D105F0098425E /* Domain+Fixtures.swift */,
			);
			path = Domain;
			sourceTree = "<group>";
		};
		C704802C293BD8E60080E4D7 /* Application */ = {
			isa = PBXGroup;
			children = (
				C7048012293BD3FA0080E4D7 /* BreakingRealBadApp.swift */,
				C7F2DFC1293BFEA4007662A0 /* Utilities */,
				C7048034293BDF530080E4D7 /* Resources */,
			);
			path = Application;
			sourceTree = "<group>";
		};
		C704802D293BD91F0080E4D7 /* CoreData */ = {
			isa = PBXGroup;
			children = (
				C7048016293BD3FB0080E4D7 /* BreakingRealBad.xcdatamodeld */,
				C7048014293BD3FA0080E4D7 /* Persistence.swift */,
			);
			path = CoreData;
			sourceTree = "<group>";
		};
		C704802E293BD9530080E4D7 /* Data */ = {
			isa = PBXGroup;
			children = (
				C7F2DFD8293C22C0007662A0 /* Tests */,
				C704802D293BD91F0080E4D7 /* CoreData */,
				C704802F293BD96E0080E4D7 /* CharacterRepository.swift */,
			);
			path = Data;
			sourceTree = "<group>";
		};
		C7048031293BDE6A0080E4D7 /* Presentation */ = {
			isa = PBXGroup;
			children = (
				C7F2DFD5293C1F5C007662A0 /* Views */,
				C7048032293BDE830080E4D7 /* Characters */,
				C7048033293BDEA80080E4D7 /* CharacterDetails */,
			);
			path = Presentation;
			sourceTree = "<group>";
		};
		C7048032293BDE830080E4D7 /* Characters */ = {
			isa = PBXGroup;
			children = (
				C7DE8B33293D005100856B1E /* Tests */,
				C7F2DFCB293C0FB5007662A0 /* Characters.swift */,
				C7F2DFD1293C1687007662A0 /* Characters.View.swift */,
			);
			path = Characters;
			sourceTree = "<group>";
		};
		C7048033293BDEA80080E4D7 /* CharacterDetails */ = {
			isa = PBXGroup;
			children = (
				C7DE8B34293D005A00856B1E /* Tests */,
				C7DE8B2F293CC7DE00856B1E /* CharacterDetails.swift */,
				C7DE8B2D293CC7BE00856B1E /* CharacterDetails.View.swift */,
			);
			path = CharacterDetails;
			sourceTree = "<group>";
		};
		C7048034293BDF530080E4D7 /* Resources */ = {
			isa = PBXGroup;
			children = (
				C7F2DFD3293C1C43007662A0 /* Info.plist */,
				C704801B293BD3FD0080E4D7 /* Assets.xcassets */,
				C704801D293BD3FD0080E4D7 /* BreakingRealBad.entitlements */,
				C7F2DFC6293C080B007662A0 /* Localizable.strings */,
				C7F656FC293BDF9800147E5B /* Preview Content */,
			);
			path = Resources;
			sourceTree = "<group>";
		};
		C7DE8B33293D005100856B1E /* Tests */ = {
			isa = PBXGroup;
			children = (
				C7DE8B35293D00BF00856B1E /* Characters.Tests.swift */,
			);
			path = Tests;
			sourceTree = "<group>";
		};
		C7DE8B34293D005A00856B1E /* Tests */ = {
			isa = PBXGroup;
			children = (
				C7DE8B38293D00F200856B1E /* CharacterDetails.Tests.swift */,
			);
			path = Tests;
			sourceTree = "<group>";
		};
		C7DE8B3A293D02C400856B1E /* Mocks */ = {
			isa = PBXGroup;
			children = (
				C7DE8B3B293D02D600856B1E /* CharacterRepositoryMock.swift */,
			);
			path = Mocks;
			sourceTree = "<group>";
		};
		C7F2DF8D293BE6DF007662A0 /* Models */ = {
			isa = PBXGroup;
			children = (
				C7F2DFB5293BF595007662A0 /* CharacterDTO.swift */,
				C7F2DFB7293BF796007662A0 /* CharacterQuoteDTO.swift */,
			);
			path = Models;
			sourceTree = "<group>";
		};
		C7F2DF8E293BE6E9007662A0 /* Requests */ = {
			isa = PBXGroup;
			children = (
				C7F2DF91293BE749007662A0 /* FetchCharactersRequest.swift */,
				C7F2DFA4293BE806007662A0 /* FetchCharacterQuotesRequest.swift */,
			);
			path = Requests;
			sourceTree = "<group>";
		};
		C7F2DF8F293BE6F6007662A0 /* Tests */ = {
			isa = PBXGroup;
			children = (
				C7F2DF93293BE753007662A0 /* Json */,
				C7F2DFBE293BFCB6007662A0 /* Mocks */,
				C7F2DF94293BE768007662A0 /* FetchCharactersRequestTests.swift */,
				C7F2DFAA293BE879007662A0 /* FetchCharacterQuotesRequestTests.swift */,
			);
			path = Tests;
			sourceTree = "<group>";
		};
		C7F2DF93293BE753007662A0 /* Json */ = {
			isa = PBXGroup;
			children = (
				C7F2DFA8293BE85F007662A0 /* FetchCharactersRequest.json */,
				C7F2DFA6293BE83F007662A0 /* FetchCharacterQuotesRequest.json */,
			);
			path = Json;
			sourceTree = "<group>";
		};
		C7F2DFAC293BE957007662A0 /* Utilities */ = {
			isa = PBXGroup;
			children = (
				C7F2DFB1293BED0C007662A0 /* APIClient.swift */,
				C7F2DFB3293BF421007662A0 /* APIError.swift */,
				C7F2DFBA293BF981007662A0 /* DummyProviding.swift */,
				C7F2DFAD293BE970007662A0 /* HTTPRequest.swift */,
				C7F2DFAF293BEBD7007662A0 /* HTTPSession.swift */,
			);
			path = Utilities;
			sourceTree = "<group>";
		};
		C7F2DFBE293BFCB6007662A0 /* Mocks */ = {
			isa = PBXGroup;
			children = (
				C7F2DFBF293BFCD4007662A0 /* HTTPSessionMock.swift */,
				C70F2F12293D17E70098425E /* APIClientMock.swift */,
			);
			path = Mocks;
			sourceTree = "<group>";
		};
		C7F2DFC1293BFEA4007662A0 /* Utilities */ = {
			isa = PBXGroup;
			children = (
				C7F2DFCF293C1064007662A0 /* AnyError.swift */,
				C7F2DFC4293C07EB007662A0 /* Localisation.swift */,
				C7F2DFCD293C1045007662A0 /* Loading.swift */,
				C7F2DFC2293BFEC5007662A0 /* SinkToResult.swift */,
			);
			path = Utilities;
			sourceTree = "<group>";
		};
		C7F2DFD5293C1F5C007662A0 /* Views */ = {
			isa = PBXGroup;
			children = (
				C7F2DFD6293C1F6B007662A0 /* Unwrap.swift */,
				C7F2F26E293CA75700556D71 /* CardView.swift */,
				C7F2F270293CACEF00556D71 /* AvatarView.swift */,
			);
			path = Views;
			sourceTree = "<group>";
		};
		C7F2DFD8293C22C0007662A0 /* Tests */ = {
			isa = PBXGroup;
			children = (
				C7DE8B3A293D02C400856B1E /* Mocks */,
				C7F2DFD9293C22D3007662A0 /* CharacterRepositoryTests.swift */,
			);
			path = Tests;
			sourceTree = "<group>";
		};
		C7F656FC293BDF9800147E5B /* Preview Content */ = {
			isa = PBXGroup;
			children = (
				C7F656FD293BDF9800147E5B /* Preview Assets.xcassets */,
			);
			path = "Preview Content";
			sourceTree = "<group>";
		};
/* End PBXGroup section */

/* Begin PBXNativeTarget section */
		C704800E293BD3FA0080E4D7 /* BreakingRealBad */ = {
			isa = PBXNativeTarget;
			buildConfigurationList = C7048023293BD3FD0080E4D7 /* Build configuration list for PBXNativeTarget "BreakingRealBad" */;
			buildPhases = (
				C704800B293BD3FA0080E4D7 /* Sources */,
				C704800C293BD3FA0080E4D7 /* Frameworks */,
				C704800D293BD3FA0080E4D7 /* Resources */,
			);
			buildRules = (
			);
			dependencies = (
			);
			name = BreakingRealBad;
			packageProductDependencies = (
				C7F2DFC9293C0E50007662A0 /* ComposableArchitecture */,
			);
			productName = BreakingRealBad;
			productReference = C704800F293BD3FA0080E4D7 /* BreakingRealBad.app */;
			productType = "com.apple.product-type.application";
		};
		C7F2DF99293BE785007662A0 /* BreakingRealBadTests */ = {
			isa = PBXNativeTarget;
			buildConfigurationList = C7F2DFA0293BE785007662A0 /* Build configuration list for PBXNativeTarget "BreakingRealBadTests" */;
			buildPhases = (
				C7F2DF96293BE785007662A0 /* Sources */,
				C7F2DF97293BE785007662A0 /* Frameworks */,
				C7F2DF98293BE785007662A0 /* Resources */,
			);
			buildRules = (
			);
			dependencies = (
				C7F2DF9F293BE785007662A0 /* PBXTargetDependency */,
			);
			name = BreakingRealBadTests;
			productName = BreakingRealBadTests;
			productReference = C7F2DF9A293BE785007662A0 /* BreakingRealBadTests.xctest */;
			productType = "com.apple.product-type.bundle.unit-test";
		};
/* End PBXNativeTarget section */

/* Begin PBXProject section */
		C7048007293BD3FA0080E4D7 /* Project object */ = {
			isa = PBXProject;
			attributes = {
				BuildIndependentTargetsInParallel = 1;
				LastSwiftUpdateCheck = 1410;
				LastUpgradeCheck = 1410;
				TargetAttributes = {
					C704800E293BD3FA0080E4D7 = {
						CreatedOnToolsVersion = 14.1;
					};
					C7F2DF99293BE785007662A0 = {
						CreatedOnToolsVersion = 14.1;
						TestTargetID = C704800E293BD3FA0080E4D7;
					};
				};
			};
			buildConfigurationList = C704800A293BD3FA0080E4D7 /* Build configuration list for PBXProject "BreakingRealBad" */;
			compatibilityVersion = "Xcode 14.0";
			developmentRegion = en;
			hasScannedForEncodings = 0;
			knownRegions = (
				en,
				Base,
			);
			mainGroup = C7048006293BD3FA0080E4D7;
			packageReferences = (
				C7F2DFC8293C0E50007662A0 /* XCRemoteSwiftPackageReference "swift-composable-architecture" */,
			);
			productRefGroup = C7048010293BD3FA0080E4D7 /* Products */;
			projectDirPath = "";
			projectRoot = "";
			targets = (
				C704800E293BD3FA0080E4D7 /* BreakingRealBad */,
				C7F2DF99293BE785007662A0 /* BreakingRealBadTests */,
			);
		};
/* End PBXProject section */

/* Begin PBXResourcesBuildPhase section */
		C704800D293BD3FA0080E4D7 /* Resources */ = {
			isa = PBXResourcesBuildPhase;
			buildActionMask = 2147483647;
			files = (
				C7F2DFC7293C080B007662A0 /* Localizable.strings in Resources */,
				C7F2DFBC293BFAA9007662A0 /* FetchCharacterQuotesRequest.json in Resources */,
				C762DE6A293E1991003B528D /* QUESTIONS.md in Resources */,
				C7F656FE293BDF9800147E5B /* Preview Assets.xcassets in Resources */,
				C7F2DFBD293BFAAB007662A0 /* FetchCharactersRequest.json in Resources */,
				C704801C293BD3FD0080E4D7 /* Assets.xcassets in Resources */,
			);
			runOnlyForDeploymentPostprocessing = 0;
		};
		C7F2DF98293BE785007662A0 /* Resources */ = {
			isa = PBXResourcesBuildPhase;
			buildActionMask = 2147483647;
			files = (
			);
			runOnlyForDeploymentPostprocessing = 0;
		};
/* End PBXResourcesBuildPhase section */

/* Begin PBXSourcesBuildPhase section */
		C704800B293BD3FA0080E4D7 /* Sources */ = {
			isa = PBXSourcesBuildPhase;
			buildActionMask = 2147483647;
			files = (
				C7F2DFB0293BEBD7007662A0 /* HTTPSession.swift in Sources */,
				C7048013293BD3FA0080E4D7 /* BreakingRealBadApp.swift in Sources */,
				C7F2DFCE293C1045007662A0 /* Loading.swift in Sources */,
				C7F2DFD0293C1064007662A0 /* AnyError.swift in Sources */,
				C7048018293BD3FB0080E4D7 /* BreakingRealBad.xcdatamodeld in Sources */,
				C7F2DFD7293C1F6B007662A0 /* Unwrap.swift in Sources */,
				C7F2DF92293BE749007662A0 /* FetchCharactersRequest.swift in Sources */,
				C704802B293BD7A50080E4D7 /* CharacterQuote.swift in Sources */,
				C7F2F271293CACEF00556D71 /* AvatarView.swift in Sources */,
				C7F2DFA5293BE806007662A0 /* FetchCharacterQuotesRequest.swift in Sources */,
				C7DE8B2E293CC7BE00856B1E /* CharacterDetails.View.swift in Sources */,
				C7048029293BD4CE0080E4D7 /* Character.swift in Sources */,
				C7F2DFCC293C0FB5007662A0 /* Characters.swift in Sources */,
				C7048030293BD96E0080E4D7 /* CharacterRepository.swift in Sources */,
				C7F2DFC3293BFEC5007662A0 /* SinkToResult.swift in Sources */,
				C7DE8B32293CF15600856B1E /* Domain+Ext.swift in Sources */,
				C7F2DFB8293BF796007662A0 /* CharacterQuoteDTO.swift in Sources */,
				C70F2F11293D105F0098425E /* Domain+Fixtures.swift in Sources */,
				C7F2DFD2293C1687007662A0 /* Characters.View.swift in Sources */,
				C7DE8B30293CC7DE00856B1E /* CharacterDetails.swift in Sources */,
				C7F2DFAE293BE970007662A0 /* HTTPRequest.swift in Sources */,
				C7F2DFB6293BF595007662A0 /* CharacterDTO.swift in Sources */,
				C7F2DFBB293BF981007662A0 /* DummyProviding.swift in Sources */,
				C7048015293BD3FA0080E4D7 /* Persistence.swift in Sources */,
				C7F2DFB2293BED0C007662A0 /* APIClient.swift in Sources */,
				C7F2DFB4293BF421007662A0 /* APIError.swift in Sources */,
				C7F2F26F293CA75700556D71 /* CardView.swift in Sources */,
				C7F2DFC5293C07EB007662A0 /* Localisation.swift in Sources */,
			);
			runOnlyForDeploymentPostprocessing = 0;
		};
		C7F2DF96293BE785007662A0 /* Sources */ = {
			isa = PBXSourcesBuildPhase;
			buildActionMask = 2147483647;
			files = (
				C7F2DFA3293BE7CA007662A0 /* FetchCharactersRequestTests.swift in Sources */,
				C70F2F14293D17ED0098425E /* APIClientMock.swift in Sources */,
				C7DE8B37293D00D900856B1E /* Characters.Tests.swift in Sources */,
				C7F2DFC0293BFCD4007662A0 /* HTTPSessionMock.swift in Sources */,
				C7DE8B39293D00F200856B1E /* CharacterDetails.Tests.swift in Sources */,
				C7F2DFDB293C22D8007662A0 /* CharacterRepositoryTests.swift in Sources */,
				C7DE8B3D293D02EE00856B1E /* CharacterRepositoryMock.swift in Sources */,
				C7F2DFAB293BE879007662A0 /* FetchCharacterQuotesRequestTests.swift in Sources */,
			);
			runOnlyForDeploymentPostprocessing = 0;
		};
/* End PBXSourcesBuildPhase section */

/* Begin PBXTargetDependency section */
		C7F2DF9F293BE785007662A0 /* PBXTargetDependency */ = {
			isa = PBXTargetDependency;
			target = C704800E293BD3FA0080E4D7 /* BreakingRealBad */;
			targetProxy = C7F2DF9E293BE785007662A0 /* PBXContainerItemProxy */;
		};
/* End PBXTargetDependency section */

/* Begin XCBuildConfiguration section */
		C7048021293BD3FD0080E4D7 /* Debug */ = {
			isa = XCBuildConfiguration;
			buildSettings = {
				ALWAYS_SEARCH_USER_PATHS = NO;
				CLANG_ANALYZER_NONNULL = YES;
				CLANG_ANALYZER_NUMBER_OBJECT_CONVERSION = YES_AGGRESSIVE;
				CLANG_CXX_LANGUAGE_STANDARD = "gnu++20";
				CLANG_ENABLE_MODULES = YES;
				CLANG_ENABLE_OBJC_ARC = YES;
				CLANG_ENABLE_OBJC_WEAK = YES;
				CLANG_WARN_BLOCK_CAPTURE_AUTORELEASING = YES;
				CLANG_WARN_BOOL_CONVERSION = YES;
				CLANG_WARN_COMMA = YES;
				CLANG_WARN_CONSTANT_CONVERSION = YES;
				CLANG_WARN_DEPRECATED_OBJC_IMPLEMENTATIONS = YES;
				CLANG_WARN_DIRECT_OBJC_ISA_USAGE = YES_ERROR;
				CLANG_WARN_DOCUMENTATION_COMMENTS = YES;
				CLANG_WARN_EMPTY_BODY = YES;
				CLANG_WARN_ENUM_CONVERSION = YES;
				CLANG_WARN_INFINITE_RECURSION = YES;
				CLANG_WARN_INT_CONVERSION = YES;
				CLANG_WARN_NON_LITERAL_NULL_CONVERSION = YES;
				CLANG_WARN_OBJC_IMPLICIT_RETAIN_SELF = YES;
				CLANG_WARN_OBJC_LITERAL_CONVERSION = YES;
				CLANG_WARN_OBJC_ROOT_CLASS = YES_ERROR;
				CLANG_WARN_QUOTED_INCLUDE_IN_FRAMEWORK_HEADER = YES;
				CLANG_WARN_RANGE_LOOP_ANALYSIS = YES;
				CLANG_WARN_STRICT_PROTOTYPES = YES;
				CLANG_WARN_SUSPICIOUS_MOVE = YES;
				CLANG_WARN_UNGUARDED_AVAILABILITY = YES_AGGRESSIVE;
				CLANG_WARN_UNREACHABLE_CODE = YES;
				CLANG_WARN__DUPLICATE_METHOD_MATCH = YES;
				COPY_PHASE_STRIP = NO;
				DEBUG_INFORMATION_FORMAT = dwarf;
				ENABLE_STRICT_OBJC_MSGSEND = YES;
				ENABLE_TESTABILITY = YES;
				GCC_C_LANGUAGE_STANDARD = gnu11;
				GCC_DYNAMIC_NO_PIC = NO;
				GCC_NO_COMMON_BLOCKS = YES;
				GCC_OPTIMIZATION_LEVEL = 0;
				GCC_PREPROCESSOR_DEFINITIONS = (
					"DEBUG=1",
					"$(inherited)",
				);
				GCC_WARN_64_TO_32_BIT_CONVERSION = YES;
				GCC_WARN_ABOUT_RETURN_TYPE = YES_ERROR;
				GCC_WARN_UNDECLARED_SELECTOR = YES;
				GCC_WARN_UNINITIALIZED_AUTOS = YES_AGGRESSIVE;
				GCC_WARN_UNUSED_FUNCTION = YES;
				GCC_WARN_UNUSED_VARIABLE = YES;
				MTL_ENABLE_DEBUG_INFO = INCLUDE_SOURCE;
				MTL_FAST_MATH = YES;
				ONLY_ACTIVE_ARCH = YES;
				SWIFT_ACTIVE_COMPILATION_CONDITIONS = DEBUG;
				SWIFT_OPTIMIZATION_LEVEL = "-Onone";
			};
			name = Debug;
		};
		C7048022293BD3FD0080E4D7 /* Release */ = {
			isa = XCBuildConfiguration;
			buildSettings = {
				ALWAYS_SEARCH_USER_PATHS = NO;
				CLANG_ANALYZER_NONNULL = YES;
				CLANG_ANALYZER_NUMBER_OBJECT_CONVERSION = YES_AGGRESSIVE;
				CLANG_CXX_LANGUAGE_STANDARD = "gnu++20";
				CLANG_ENABLE_MODULES = YES;
				CLANG_ENABLE_OBJC_ARC = YES;
				CLANG_ENABLE_OBJC_WEAK = YES;
				CLANG_WARN_BLOCK_CAPTURE_AUTORELEASING = YES;
				CLANG_WARN_BOOL_CONVERSION = YES;
				CLANG_WARN_COMMA = YES;
				CLANG_WARN_CONSTANT_CONVERSION = YES;
				CLANG_WARN_DEPRECATED_OBJC_IMPLEMENTATIONS = YES;
				CLANG_WARN_DIRECT_OBJC_ISA_USAGE = YES_ERROR;
				CLANG_WARN_DOCUMENTATION_COMMENTS = YES;
				CLANG_WARN_EMPTY_BODY = YES;
				CLANG_WARN_ENUM_CONVERSION = YES;
				CLANG_WARN_INFINITE_RECURSION = YES;
				CLANG_WARN_INT_CONVERSION = YES;
				CLANG_WARN_NON_LITERAL_NULL_CONVERSION = YES;
				CLANG_WARN_OBJC_IMPLICIT_RETAIN_SELF = YES;
				CLANG_WARN_OBJC_LITERAL_CONVERSION = YES;
				CLANG_WARN_OBJC_ROOT_CLASS = YES_ERROR;
				CLANG_WARN_QUOTED_INCLUDE_IN_FRAMEWORK_HEADER = YES;
				CLANG_WARN_RANGE_LOOP_ANALYSIS = YES;
				CLANG_WARN_STRICT_PROTOTYPES = YES;
				CLANG_WARN_SUSPICIOUS_MOVE = YES;
				CLANG_WARN_UNGUARDED_AVAILABILITY = YES_AGGRESSIVE;
				CLANG_WARN_UNREACHABLE_CODE = YES;
				CLANG_WARN__DUPLICATE_METHOD_MATCH = YES;
				COPY_PHASE_STRIP = NO;
				DEBUG_INFORMATION_FORMAT = "dwarf-with-dsym";
				ENABLE_NS_ASSERTIONS = NO;
				ENABLE_STRICT_OBJC_MSGSEND = YES;
				GCC_C_LANGUAGE_STANDARD = gnu11;
				GCC_NO_COMMON_BLOCKS = YES;
				GCC_WARN_64_TO_32_BIT_CONVERSION = YES;
				GCC_WARN_ABOUT_RETURN_TYPE = YES_ERROR;
				GCC_WARN_UNDECLARED_SELECTOR = YES;
				GCC_WARN_UNINITIALIZED_AUTOS = YES_AGGRESSIVE;
				GCC_WARN_UNUSED_FUNCTION = YES;
				GCC_WARN_UNUSED_VARIABLE = YES;
				MTL_ENABLE_DEBUG_INFO = NO;
				MTL_FAST_MATH = YES;
				SWIFT_COMPILATION_MODE = wholemodule;
				SWIFT_OPTIMIZATION_LEVEL = "-O";
			};
			name = Release;
		};
		C7048024293BD3FD0080E4D7 /* Debug */ = {
			isa = XCBuildConfiguration;
			buildSettings = {
				ASSETCATALOG_COMPILER_APPICON_NAME = AppIcon;
				ASSETCATALOG_COMPILER_GLOBAL_ACCENT_COLOR_NAME = AccentColor;
				CODE_SIGN_ENTITLEMENTS = BreakingRealBad/Application/Resources/BreakingRealBad.entitlements;
				CODE_SIGN_STYLE = Automatic;
				CURRENT_PROJECT_VERSION = 1;
				DEVELOPMENT_ASSET_PATHS = "\"BreakingRealBad/Application/Resources/Preview Content\"";
				ENABLE_PREVIEWS = YES;
				GENERATE_INFOPLIST_FILE = YES;
				INFOPLIST_FILE = BreakingRealBad/Application/Resources/Info.plist;
				"INFOPLIST_KEY_UIApplicationSceneManifest_Generation[sdk=iphoneos*]" = YES;
				"INFOPLIST_KEY_UIApplicationSceneManifest_Generation[sdk=iphonesimulator*]" = YES;
				"INFOPLIST_KEY_UIApplicationSupportsIndirectInputEvents[sdk=iphoneos*]" = YES;
				"INFOPLIST_KEY_UIApplicationSupportsIndirectInputEvents[sdk=iphonesimulator*]" = YES;
				"INFOPLIST_KEY_UILaunchScreen_Generation[sdk=iphoneos*]" = YES;
				"INFOPLIST_KEY_UILaunchScreen_Generation[sdk=iphonesimulator*]" = YES;
				"INFOPLIST_KEY_UIStatusBarStyle[sdk=iphoneos*]" = UIStatusBarStyleDefault;
				"INFOPLIST_KEY_UIStatusBarStyle[sdk=iphonesimulator*]" = UIStatusBarStyleDefault;
				INFOPLIST_KEY_UISupportedInterfaceOrientations = UIInterfaceOrientationPortrait;
				INFOPLIST_KEY_UISupportedInterfaceOrientations_iPad = "UIInterfaceOrientationLandscapeLeft UIInterfaceOrientationLandscapeRight UIInterfaceOrientationPortrait UIInterfaceOrientationPortraitUpsideDown";
				IPHONEOS_DEPLOYMENT_TARGET = 16.1;
				LD_RUNPATH_SEARCH_PATHS = "@executable_path/Frameworks";
				"LD_RUNPATH_SEARCH_PATHS[sdk=macosx*]" = "@executable_path/../Frameworks";
				MACOSX_DEPLOYMENT_TARGET = 13.0;
				MARKETING_VERSION = 1.0;
				PRODUCT_BUNDLE_IDENTIFIER = "com.geo-games.BreakingRealBad";
				PRODUCT_NAME = "$(TARGET_NAME)";
				SDKROOT = auto;
				SUPPORTED_PLATFORMS = "iphoneos iphonesimulator";
				SUPPORTS_MACCATALYST = NO;
				SUPPORTS_MAC_DESIGNED_FOR_IPHONE_IPAD = NO;
				SWIFT_EMIT_LOC_STRINGS = YES;
				SWIFT_VERSION = 5.0;
				TARGETED_DEVICE_FAMILY = 1;
			};
			name = Debug;
		};
		C7048025293BD3FD0080E4D7 /* Release */ = {
			isa = XCBuildConfiguration;
			buildSettings = {
				ASSETCATALOG_COMPILER_APPICON_NAME = AppIcon;
				ASSETCATALOG_COMPILER_GLOBAL_ACCENT_COLOR_NAME = AccentColor;
				CODE_SIGN_ENTITLEMENTS = BreakingRealBad/Application/Resources/BreakingRealBad.entitlements;
				CODE_SIGN_STYLE = Automatic;
				CURRENT_PROJECT_VERSION = 1;
				DEVELOPMENT_ASSET_PATHS = "\"BreakingRealBad/Application/Resources/Preview Content\"";
				ENABLE_PREVIEWS = YES;
				GENERATE_INFOPLIST_FILE = YES;
				INFOPLIST_FILE = BreakingRealBad/Application/Resources/Info.plist;
				"INFOPLIST_KEY_UIApplicationSceneManifest_Generation[sdk=iphoneos*]" = YES;
				"INFOPLIST_KEY_UIApplicationSceneManifest_Generation[sdk=iphonesimulator*]" = YES;
				"INFOPLIST_KEY_UIApplicationSupportsIndirectInputEvents[sdk=iphoneos*]" = YES;
				"INFOPLIST_KEY_UIApplicationSupportsIndirectInputEvents[sdk=iphonesimulator*]" = YES;
				"INFOPLIST_KEY_UILaunchScreen_Generation[sdk=iphoneos*]" = YES;
				"INFOPLIST_KEY_UILaunchScreen_Generation[sdk=iphonesimulator*]" = YES;
				"INFOPLIST_KEY_UIStatusBarStyle[sdk=iphoneos*]" = UIStatusBarStyleDefault;
				"INFOPLIST_KEY_UIStatusBarStyle[sdk=iphonesimulator*]" = UIStatusBarStyleDefault;
				INFOPLIST_KEY_UISupportedInterfaceOrientations = UIInterfaceOrientationPortrait;
				INFOPLIST_KEY_UISupportedInterfaceOrientations_iPad = "UIInterfaceOrientationLandscapeLeft UIInterfaceOrientationLandscapeRight UIInterfaceOrientationPortrait UIInterfaceOrientationPortraitUpsideDown";
				IPHONEOS_DEPLOYMENT_TARGET = 16.1;
				LD_RUNPATH_SEARCH_PATHS = "@executable_path/Frameworks";
				"LD_RUNPATH_SEARCH_PATHS[sdk=macosx*]" = "@executable_path/../Frameworks";
				MACOSX_DEPLOYMENT_TARGET = 13.0;
				MARKETING_VERSION = 1.0;
				PRODUCT_BUNDLE_IDENTIFIER = "com.geo-games.BreakingRealBad";
				PRODUCT_NAME = "$(TARGET_NAME)";
				SDKROOT = auto;
				SUPPORTED_PLATFORMS = "iphoneos iphonesimulator";
				SUPPORTS_MACCATALYST = NO;
				SUPPORTS_MAC_DESIGNED_FOR_IPHONE_IPAD = NO;
				SWIFT_EMIT_LOC_STRINGS = YES;
				SWIFT_VERSION = 5.0;
				TARGETED_DEVICE_FAMILY = 1;
			};
			name = Release;
		};
		C7F2DFA1293BE785007662A0 /* Debug */ = {
			isa = XCBuildConfiguration;
			buildSettings = {
				BUNDLE_LOADER = "$(TEST_HOST)";
				CODE_SIGN_STYLE = Automatic;
				CURRENT_PROJECT_VERSION = 1;
				GENERATE_INFOPLIST_FILE = YES;
				IPHONEOS_DEPLOYMENT_TARGET = 16.1;
				MARKETING_VERSION = 1.0;
				PRODUCT_BUNDLE_IDENTIFIER = "com.geo-games.BreakingRealBadTests";
				PRODUCT_NAME = "$(TARGET_NAME)";
				SDKROOT = iphoneos;
				SWIFT_EMIT_LOC_STRINGS = NO;
				SWIFT_VERSION = 5.0;
				TARGETED_DEVICE_FAMILY = "1,2";
				TEST_HOST = "$(BUILT_PRODUCTS_DIR)/BreakingRealBad.app/$(BUNDLE_EXECUTABLE_FOLDER_PATH)/BreakingRealBad";
			};
			name = Debug;
		};
		C7F2DFA2293BE785007662A0 /* Release */ = {
			isa = XCBuildConfiguration;
			buildSettings = {
				BUNDLE_LOADER = "$(TEST_HOST)";
				CODE_SIGN_STYLE = Automatic;
				CURRENT_PROJECT_VERSION = 1;
				GENERATE_INFOPLIST_FILE = YES;
				IPHONEOS_DEPLOYMENT_TARGET = 16.1;
				MARKETING_VERSION = 1.0;
				PRODUCT_BUNDLE_IDENTIFIER = "com.geo-games.BreakingRealBadTests";
				PRODUCT_NAME = "$(TARGET_NAME)";
				SDKROOT = iphoneos;
				SWIFT_EMIT_LOC_STRINGS = NO;
				SWIFT_VERSION = 5.0;
				TARGETED_DEVICE_FAMILY = "1,2";
				TEST_HOST = "$(BUILT_PRODUCTS_DIR)/BreakingRealBad.app/$(BUNDLE_EXECUTABLE_FOLDER_PATH)/BreakingRealBad";
				VALIDATE_PRODUCT = YES;
			};
			name = Release;
		};
/* End XCBuildConfiguration section */

/* Begin XCConfigurationList section */
		C704800A293BD3FA0080E4D7 /* Build configuration list for PBXProject "BreakingRealBad" */ = {
			isa = XCConfigurationList;
			buildConfigurations = (
				C7048021293BD3FD0080E4D7 /* Debug */,
				C7048022293BD3FD0080E4D7 /* Release */,
			);
			defaultConfigurationIsVisible = 0;
			defaultConfigurationName = Release;
		};
		C7048023293BD3FD0080E4D7 /* Build configuration list for PBXNativeTarget "BreakingRealBad" */ = {
			isa = XCConfigurationList;
			buildConfigurations = (
				C7048024293BD3FD0080E4D7 /* Debug */,
				C7048025293BD3FD0080E4D7 /* Release */,
			);
			defaultConfigurationIsVisible = 0;
			defaultConfigurationName = Release;
		};
		C7F2DFA0293BE785007662A0 /* Build configuration list for PBXNativeTarget "BreakingRealBadTests" */ = {
			isa = XCConfigurationList;
			buildConfigurations = (
				C7F2DFA1293BE785007662A0 /* Debug */,
				C7F2DFA2293BE785007662A0 /* Release */,
			);
			defaultConfigurationIsVisible = 0;
			defaultConfigurationName = Release;
		};
/* End XCConfigurationList section */

/* Begin XCRemoteSwiftPackageReference section */
		C7F2DFC8293C0E50007662A0 /* XCRemoteSwiftPackageReference "swift-composable-architecture" */ = {
			isa = XCRemoteSwiftPackageReference;
			repositoryURL = "https://github.com/pointfreeco/swift-composable-architecture";
			requirement = {
				kind = exactVersion;
				version = 0.40.0;
			};
		};
/* End XCRemoteSwiftPackageReference section */

/* Begin XCSwiftPackageProductDependency section */
		C7F2DFC9293C0E50007662A0 /* ComposableArchitecture */ = {
			isa = XCSwiftPackageProductDependency;
			package = C7F2DFC8293C0E50007662A0 /* XCRemoteSwiftPackageReference "swift-composable-architecture" */;
			productName = ComposableArchitecture;
		};
/* End XCSwiftPackageProductDependency section */

/* Begin XCVersionGroup section */
		C7048016293BD3FB0080E4D7 /* BreakingRealBad.xcdatamodeld */ = {
			isa = XCVersionGroup;
			children = (
				C7048017293BD3FB0080E4D7 /* BreakingRealBad.xcdatamodel */,
			);
			currentVersion = C7048017293BD3FB0080E4D7 /* BreakingRealBad.xcdatamodel */;
			path = BreakingRealBad.xcdatamodeld;
			sourceTree = "<group>";
			versionGroupType = wrapper.xcdatamodel;
		};
/* End XCVersionGroup section */
	};
	rootObject = C7048007293BD3FA0080E4D7 /* Project object */;
}
